
Microsoft Visual Studio Solution File, Format Version 12.00
# Visual Studio Version 17
VisualStudioVersion = 17.10.35004.147
MinimumVisualStudioVersion = 10.0.40219.1
Project("{FAE04EC0-301F-11D3-BF4B-00C04F79EFBC}") = "TramitesComunicacion_CRC", "TramitesComunicacion_CRC.csproj", "{772C00C7-B318-4453-B990-C307D9C121AF}"
EndProject
Global
	GlobalSection(SolutionConfigurationPlatforms) = preSolution
		Debug|Any CPU = Debug|Any CPU
		Release|Any CPU = Release|Any CPU
	EndGlobalSection
	GlobalSection(ProjectConfigurationPlatforms) = postSolution
		{772C00C7-B318-4453-B990-C307D9C121AF}.Debug|Any CPU.ActiveCfg = Debug|Any CPU
		{772C00C7-B318-4453-B990-C307D9C121AF}.Debug|Any CPU.Build.0 = Debug|Any CPU
		{772C00C7-B318-4453-B990-C307D9C121AF}.Release|Any CPU.ActiveCfg = Release|Any CPU
		{772C00C7-B318-4453-B990-C307D9C121AF}.Release|Any CPU.Build.0 = Release|Any CPU
	EndGlobalSection
	GlobalSection(SolutionProperties) = preSolution
		HideSolutionNode = FALSE
	EndGlobalSection
	GlobalSection(ExtensibilityGlobals) = postSolution
		SolutionGuid = {4FC40B81-0395-45C1-A5F5-B27BA346001F}
	EndGlobalSection
EndGlobal
